
Microsoft Visual Studio Solution File, Format Version 12.00
Project("{FAE04EC0-301F-11D3-BF4B-00C04F79EFBC}") = "APDB_Project", "APDB_Project\APDB_Project.csproj", "{8CC17564-08D9-47BA-8EF8-05B48DC97640}"
EndProject
Project("{FAE04EC0-301F-11D3-BF4B-00C04F79EFBC}") = "UnitTesting", "UnitTesting\UnitTesting.csproj", "{9AF5BF8D-7F39-4178-B53B-769E283EEADB}"
EndProject
Global
	GlobalSection(SolutionConfigurationPlatforms) = preSolution
		Debug|Any CPU = Debug|Any CPU
		Release|Any CPU = Release|Any CPU
	EndGlobalSection
	GlobalSection(ProjectConfigurationPlatforms) = postSolution
		{8CC17564-08D9-47BA-8EF8-05B48DC97640}.Debug|Any CPU.ActiveCfg = Debug|Any CPU
		{8CC17564-08D9-47BA-8EF8-05B48DC97640}.Debug|Any CPU.Build.0 = Debug|Any CPU
		{8CC17564-08D9-47BA-8EF8-05B48DC97640}.Release|Any CPU.ActiveCfg = Release|Any CPU
		{8CC17564-08D9-47BA-8EF8-05B48DC97640}.Release|Any CPU.Build.0 = Release|Any CPU
		{9AF5BF8D-7F39-4178-B53B-769E283EEADB}.Debug|Any CPU.ActiveCfg = Debug|Any CPU
		{9AF5BF8D-7F39-4178-B53B-769E283EEADB}.Debug|Any CPU.Build.0 = Debug|Any CPU
		{9AF5BF8D-7F39-4178-B53B-769E283EEADB}.Release|Any CPU.ActiveCfg = Release|Any CPU
		{9AF5BF8D-7F39-4178-B53B-769E283EEADB}.Release|Any CPU.Build.0 = Release|Any CPU
	EndGlobalSection
EndGlobal
